
Microsoft Visual Studio Solution File, Format Version 12.00
# Visual Studio Version 16
VisualStudioVersion = 16.0.29519.181
MinimumVisualStudioVersion = 10.0.40219.1
Project("{FAE04EC0-301F-11D3-BF4B-00C04F79EFBC}") = "CursoCSharp.Basico", "CursoCSharp.Basico.csproj", "{486F5855-FB5E-451A-97C5-BE56E2C1B782}"
EndProject
Global
	GlobalSection(SolutionConfigurationPlatforms) = preSolution
		Debug|Any CPU = Debug|Any CPU
		Release|Any CPU = Release|Any CPU
	EndGlobalSection
	GlobalSection(ProjectConfigurationPlatforms) = postSolution
		{486F5855-FB5E-451A-97C5-BE56E2C1B782}.Debug|Any CPU.ActiveCfg = Debug|Any CPU
		{486F5855-FB5E-451A-97C5-BE56E2C1B782}.Debug|Any CPU.Build.0 = Debug|Any CPU
		{486F5855-FB5E-451A-97C5-BE56E2C1B782}.Release|Any CPU.ActiveCfg = Release|Any CPU
		{486F5855-FB5E-451A-97C5-BE56E2C1B782}.Release|Any CPU.Build.0 = Release|Any CPU
	EndGlobalSection
	GlobalSection(SolutionProperties) = preSolution
		HideSolutionNode = FALSE
	EndGlobalSection
	GlobalSection(ExtensibilityGlobals) = postSolution
		SolutionGuid = {BC50D96E-57C8-43DF-92FA-3751F8EC98E7}
	EndGlobalSection
EndGlobal
